// !$*UTF8*$!
{
	archiveVersion = 1;
	classes = {
	};
	objectVersion = 56;
	objects = {

/* Begin PBXBuildFile section */
		FB54D94C2907E73700481E9F /* KeySenderApp.swift in Sources */ = {isa = PBXBuildFile; fileRef = FB54D94B2907E73700481E9F /* KeySenderApp.swift */; };
		FB54D94E2907E73700481E9F /* ContentView.swift in Sources */ = {isa = PBXBuildFile; fileRef = FB54D94D2907E73700481E9F /* ContentView.swift */; };
		FB54D9502907E73900481E9F /* Assets.xcassets in Resources */ = {isa = PBXBuildFile; fileRef = FB54D94F2907E73900481E9F /* Assets.xcassets */; };
		FB54D9532907E73900481E9F /* Preview Assets.xcassets in Resources */ = {isa = PBXBuildFile; fileRef = FB54D9522907E73900481E9F /* Preview Assets.xcassets */; };
		FB54D95E2907E73900481E9F /* KeySenderTests.swift in Sources */ = {isa = PBXBuildFile; fileRef = FB54D95D2907E73900481E9F /* KeySenderTests.swift */; };
		FB54D9682907E73900481E9F /* KeySenderUITests.swift in Sources */ = {isa = PBXBuildFile; fileRef = FB54D9672907E73900481E9F /* KeySenderUITests.swift */; };
		FB54D96A2907E73900481E9F /* KeySenderUITestsLaunchTests.swift in Sources */ = {isa = PBXBuildFile; fileRef = FB54D9692907E73900481E9F /* KeySenderUITestsLaunchTests.swift */; };
/* End PBXBuildFile section */

/* Begin PBXContainerItemProxy section */
		FB54D95A2907E73900481E9F /* PBXContainerItemProxy */ = {
			isa = PBXContainerItemProxy;
			containerPortal = FB54D9402907E73700481E9F /* Project object */;
			proxyType = 1;
			remoteGlobalIDString = FB54D9472907E73700481E9F;
			remoteInfo = KeySender;
		};
		FB54D9642907E73900481E9F /* PBXContainerItemProxy */ = {
			isa = PBXContainerItemProxy;
			containerPortal = FB54D9402907E73700481E9F /* Project object */;
			proxyType = 1;
			remoteGlobalIDString = FB54D9472907E73700481E9F;
			remoteInfo = KeySender;
		};
/* End PBXContainerItemProxy section */

/* Begin PBXFileReference section */
		FB54D9482907E73700481E9F /* KeySender.app */ = {isa = PBXFileReference; explicitFileType = wrapper.application; includeInIndex = 0; path = KeySender.app; sourceTree = BUILT_PRODUCTS_DIR; };
		FB54D94B2907E73700481E9F /* KeySenderApp.swift */ = {isa = PBXFileReference; lastKnownFileType = sourcecode.swift; path = KeySenderApp.swift; sourceTree = "<group>"; };
		FB54D94D2907E73700481E9F /* ContentView.swift */ = {isa = PBXFileReference; lastKnownFileType = sourcecode.swift; path = ContentView.swift; sourceTree = "<group>"; };
		FB54D94F2907E73900481E9F /* Assets.xcassets */ = {isa = PBXFileReference; lastKnownFileType = folder.assetcatalog; path = Assets.xcassets; sourceTree = "<group>"; };
		FB54D9522907E73900481E9F /* Preview Assets.xcassets */ = {isa = PBXFileReference; lastKnownFileType = folder.assetcatalog; path = "Preview Assets.xcassets"; sourceTree = "<group>"; };
		FB54D9542907E73900481E9F /* KeySender.entitlements */ = {isa = PBXFileReference; lastKnownFileType = text.plist.entitlements; path = KeySender.entitlements; sourceTree = "<group>"; };
		FB54D9592907E73900481E9F /* KeySenderTests.xctest */ = {isa = PBXFileReference; explicitFileType = wrapper.cfbundle; includeInIndex = 0; path = KeySenderTests.xctest; sourceTree = BUILT_PRODUCTS_DIR; };
		FB54D95D2907E73900481E9F /* KeySenderTests.swift */ = {isa = PBXFileReference; lastKnownFileType = sourcecode.swift; path = KeySenderTests.swift; sourceTree = "<group>"; };
		FB54D9632907E73900481E9F /* KeySenderUITests.xctest */ = {isa = PBXFileReference; explicitFileType = wrapper.cfbundle; includeInIndex = 0; path = KeySenderUITests.xctest; sourceTree = BUILT_PRODUCTS_DIR; };
		FB54D9672907E73900481E9F /* KeySenderUITests.swift */ = {isa = PBXFileReference; lastKnownFileType = sourcecode.swift; path = KeySenderUITests.swift; sourceTree = "<group>"; };
		FB54D9692907E73900481E9F /* KeySenderUITestsLaunchTests.swift */ = {isa = PBXFileReference; lastKnownFileType = sourcecode.swift; path = KeySenderUITestsLaunchTests.swift; sourceTree = "<group>"; };
/* End PBXFileReference section */

/* Begin PBXFrameworksBuildPhase section */
		FB54D9452907E73700481E9F /* Frameworks */ = {
			isa = PBXFrameworksBuildPhase;
			buildActionMask = 2147483647;
			files = (
			);
			runOnlyForDeploymentPostprocessing = 0;
		};
		FB54D9562907E73900481E9F /* Frameworks */ = {
			isa = PBXFrameworksBuildPhase;
			buildActionMask = 2147483647;
			files = (
			);
			runOnlyForDeploymentPostprocessing = 0;
		};
		FB54D9602907E73900481E9F /* Frameworks */ = {
			isa = PBXFrameworksBuildPhase;
			buildActionMask = 2147483647;
			files = (
			);
			runOnlyForDeploymentPostprocessing = 0;
		};
/* End PBXFrameworksBuildPhase section */

/* Begin PBXGroup section */
		FB54D93F2907E73700481E9F = {
			isa = PBXGroup;
			children = (
				FB54D94A2907E73700481E9F /* KeySender */,
				FB54D95C2907E73900481E9F /* KeySenderTests */,
				FB54D9662907E73900481E9F /* KeySenderUITests */,
				FB54D9492907E73700481E9F /* Products */,
			);
			sourceTree = "<group>";
		};
		FB54D9492907E73700481E9F /* Products */ = {
			isa = PBXGroup;
			children = (
				FB54D9482907E73700481E9F /* KeySender.app */,
				FB54D9592907E73900481E9F /* KeySenderTests.xctest */,
				FB54D9632907E73900481E9F /* KeySenderUITests.xctest */,
			);
			name = Products;
			sourceTree = "<group>";
		};
		FB54D94A2907E73700481E9F /* KeySender */ = {
			isa = PBXGroup;
			children = (
				FB54D94B2907E73700481E9F /* KeySenderApp.swift */,
				FB54D94D2907E73700481E9F /* ContentView.swift */,
				FB54D94F2907E73900481E9F /* Assets.xcassets */,
				FB54D9542907E73900481E9F /* KeySender.entitlements */,
				FB54D9512907E73900481E9F /* Preview Content */,
			);
			path = KeySender;
			sourceTree = "<group>";
		};
		FB54D9512907E73900481E9F /* Preview Content */ = {
			isa = PBXGroup;
			children = (
				FB54D9522907E73900481E9F /* Preview Assets.xcassets */,
			);
			path = "Preview Content";
			sourceTree = "<group>";
		};
		FB54D95C2907E73900481E9F /* KeySenderTests */ = {
			isa = PBXGroup;
			children = (
				FB54D95D2907E73900481E9F /* KeySenderTests.swift */,
			);
			path = KeySenderTests;
			sourceTree = "<group>";
		};
		FB54D9662907E73900481E9F /* KeySenderUITests */ = {
			isa = PBXGroup;
			children = (
				FB54D9672907E73900481E9F /* KeySenderUITests.swift */,
				FB54D9692907E73900481E9F /* KeySenderUITestsLaunchTests.swift */,
			);
			path = KeySenderUITests;
			sourceTree = "<group>";
		};
/* End PBXGroup section */

/* Begin PBXNativeTarget section */
		FB54D9472907E73700481E9F /* KeySender */ = {
			isa = PBXNativeTarget;
			buildConfigurationList = FB54D96D2907E73900481E9F /* Build configuration list for PBXNativeTarget "KeySender" */;
			buildPhases = (
				FB54D9442907E73700481E9F /* Sources */,
				FB54D9452907E73700481E9F /* Frameworks */,
				FB54D9462907E73700481E9F /* Resources */,
			);
			buildRules = (
			);
			dependencies = (
			);
			name = KeySender;
			productName = KeySender;
			productReference = FB54D9482907E73700481E9F /* KeySender.app */;
			productType = "com.apple.product-type.application";
		};
		FB54D9582907E73900481E9F /* KeySenderTests */ = {
			isa = PBXNativeTarget;
			buildConfigurationList = FB54D9702907E73900481E9F /* Build configuration list for PBXNativeTarget "KeySenderTests" */;
			buildPhases = (
				FB54D9552907E73900481E9F /* Sources */,
				FB54D9562907E73900481E9F /* Frameworks */,
				FB54D9572907E73900481E9F /* Resources */,
			);
			buildRules = (
			);
			dependencies = (
				FB54D95B2907E73900481E9F /* PBXTargetDependency */,
			);
			name = KeySenderTests;
			productName = KeySenderTests;
			productReference = FB54D9592907E73900481E9F /* KeySenderTests.xctest */;
			productType = "com.apple.product-type.bundle.unit-test";
		};
		FB54D9622907E73900481E9F /* KeySenderUITests */ = {
			isa = PBXNativeTarget;
			buildConfigurationList = FB54D9732907E73900481E9F /* Build configuration list for PBXNativeTarget "KeySenderUITests" */;
			buildPhases = (
				FB54D95F2907E73900481E9F /* Sources */,
				FB54D9602907E73900481E9F /* Frameworks */,
				FB54D9612907E73900481E9F /* Resources */,
			);
			buildRules = (
			);
			dependencies = (
				FB54D9652907E73900481E9F /* PBXTargetDependency */,
			);
			name = KeySenderUITests;
			productName = KeySenderUITests;
			productReference = FB54D9632907E73900481E9F /* KeySenderUITests.xctest */;
			productType = "com.apple.product-type.bundle.ui-testing";
		};
/* End PBXNativeTarget section */

/* Begin PBXProject section */
		FB54D9402907E73700481E9F /* Project object */ = {
			isa = PBXProject;
			attributes = {
				BuildIndependentTargetsInParallel = 1;
				LastSwiftUpdateCheck = 1400;
				LastUpgradeCheck = 1400;
				TargetAttributes = {
					FB54D9472907E73700481E9F = {
						CreatedOnToolsVersion = 14.0.1;
					};
					FB54D9582907E73900481E9F = {
						CreatedOnToolsVersion = 14.0.1;
						TestTargetID = FB54D9472907E73700481E9F;
					};
					FB54D9622907E73900481E9F = {
						CreatedOnToolsVersion = 14.0.1;
						TestTargetID = FB54D9472907E73700481E9F;
					};
				};
			};
			buildConfigurationList = FB54D9432907E73700481E9F /* Build configuration list for PBXProject "KeySender" */;
			compatibilityVersion = "Xcode 14.0";
			developmentRegion = en;
			hasScannedForEncodings = 0;
			knownRegions = (
				en,
				Base,
			);
			mainGroup = FB54D93F2907E73700481E9F;
			productRefGroup = FB54D9492907E73700481E9F /* Products */;
			projectDirPath = "";
			projectRoot = "";
			targets = (
				FB54D9472907E73700481E9F /* KeySender */,
				FB54D9582907E73900481E9F /* KeySenderTests */,
				FB54D9622907E73900481E9F /* KeySenderUITests */,
			);
		};
/* End PBXProject section */

/* Begin PBXResourcesBuildPhase section */
		FB54D9462907E73700481E9F /* Resources */ = {
			isa = PBXResourcesBuildPhase;
			buildActionMask = 2147483647;
			files = (
				FB54D9532907E73900481E9F /* Preview Assets.xcassets in Resources */,
				FB54D9502907E73900481E9F /* Assets.xcassets in Resources */,
			);
			runOnlyForDeploymentPostprocessing = 0;
		};
		FB54D9572907E73900481E9F /* Resources */ = {
			isa = PBXResourcesBuildPhase;
			buildActionMask = 2147483647;
			files = (
			);
			runOnlyForDeploymentPostprocessing = 0;
		};
		FB54D9612907E73900481E9F /* Resources */ = {
			isa = PBXResourcesBuildPhase;
			buildActionMask = 2147483647;
			files = (
			);
			runOnlyForDeploymentPostprocessing = 0;
		};
/* End PBXResourcesBuildPhase section */

/* Begin PBXSourcesBuildPhase section */
		FB54D9442907E73700481E9F /* Sources */ = {
			isa = PBXSourcesBuildPhase;
			buildActionMask = 2147483647;
			files = (
				FB54D94E2907E73700481E9F /* ContentView.swift in Sources */,
				FB54D94C2907E73700481E9F /* KeySenderApp.swift in Sources */,
			);
			runOnlyForDeploymentPostprocessing = 0;
		};
		FB54D9552907E73900481E9F /* Sources */ = {
			isa = PBXSourcesBuildPhase;
			buildActionMask = 2147483647;
			files = (
				FB54D95E2907E73900481E9F /* KeySenderTests.swift in Sources */,
			);
			runOnlyForDeploymentPostprocessing = 0;
		};
		FB54D95F2907E73900481E9F /* Sources */ = {
			isa = PBXSourcesBuildPhase;
			buildActionMask = 2147483647;
			files = (
				FB54D9682907E73900481E9F /* KeySenderUITests.swift in Sources */,
				FB54D96A2907E73900481E9F /* KeySenderUITestsLaunchTests.swift in Sources */,
			);
			runOnlyForDeploymentPostprocessing = 0;
		};
/* End PBXSourcesBuildPhase section */

/* Begin PBXTargetDependency section */
		FB54D95B2907E73900481E9F /* PBXTargetDependency */ = {
			isa = PBXTargetDependency;
			target = FB54D9472907E73700481E9F /* KeySender */;
			targetProxy = FB54D95A2907E73900481E9F /* PBXContainerItemProxy */;
		};
		FB54D9652907E73900481E9F /* PBXTargetDependency */ = {
			isa = PBXTargetDependency;
			target = FB54D9472907E73700481E9F /* KeySender */;
			targetProxy = FB54D9642907E73900481E9F /* PBXContainerItemProxy */;
		};
/* End PBXTargetDependency section */

/* Begin XCBuildConfiguration section */
		FB54D96B2907E73900481E9F /* Debug */ = {
			isa = XCBuildConfiguration;
			buildSettings = {
				ALWAYS_SEARCH_USER_PATHS = NO;
				CLANG_ANALYZER_NONNULL = YES;
				CLANG_ANALYZER_NUMBER_OBJECT_CONVERSION = YES_AGGRESSIVE;
				CLANG_CXX_LANGUAGE_STANDARD = "gnu++20";
				CLANG_ENABLE_MODULES = YES;
				CLANG_ENABLE_OBJC_ARC = YES;
				CLANG_ENABLE_OBJC_WEAK = YES;
				CLANG_WARN_BLOCK_CAPTURE_AUTORELEASING = YES;
				CLANG_WARN_BOOL_CONVERSION = YES;
				CLANG_WARN_COMMA = YES;
				CLANG_WARN_CONSTANT_CONVERSION = YES;
				CLANG_WARN_DEPRECATED_OBJC_IMPLEMENTATIONS = YES;
				CLANG_WARN_DIRECT_OBJC_ISA_USAGE = YES_ERROR;
				CLANG_WARN_DOCUMENTATION_COMMENTS = YES;
				CLANG_WARN_EMPTY_BODY = YES;
				CLANG_WARN_ENUM_CONVERSION = YES;
				CLANG_WARN_INFINITE_RECURSION = YES;
				CLANG_WARN_INT_CONVERSION = YES;
				CLANG_WARN_NON_LITERAL_NULL_CONVERSION = YES;
				CLANG_WARN_OBJC_IMPLICIT_RETAIN_SELF = YES;
				CLANG_WARN_OBJC_LITERAL_CONVERSION = YES;
				CLANG_WARN_OBJC_ROOT_CLASS = YES_ERROR;
				CLANG_WARN_QUOTED_INCLUDE_IN_FRAMEWORK_HEADER = YES;
				CLANG_WARN_RANGE_LOOP_ANALYSIS = YES;
				CLANG_WARN_STRICT_PROTOTYPES = YES;
				CLANG_WARN_SUSPICIOUS_MOVE = YES;
				CLANG_WARN_UNGUARDED_AVAILABILITY = YES_AGGRESSIVE;
				CLANG_WARN_UNREACHABLE_CODE = YES;
				CLANG_WARN__DUPLICATE_METHOD_MATCH = YES;
				COPY_PHASE_STRIP = NO;
				DEBUG_INFORMATION_FORMAT = dwarf;
				ENABLE_STRICT_OBJC_MSGSEND = YES;
				ENABLE_TESTABILITY = YES;
				GCC_C_LANGUAGE_STANDARD = gnu11;
				GCC_DYNAMIC_NO_PIC = NO;
				GCC_NO_COMMON_BLOCKS = YES;
				GCC_OPTIMIZATION_LEVEL = 0;
				GCC_PREPROCESSOR_DEFINITIONS = (
					"DEBUG=1",
					"$(inherited)",
				);
				GCC_WARN_64_TO_32_BIT_CONVERSION = YES;
				GCC_WARN_ABOUT_RETURN_TYPE = YES_ERROR;
				GCC_WARN_UNDECLARED_SELECTOR = YES;
				GCC_WARN_UNINITIALIZED_AUTOS = YES_AGGRESSIVE;
				GCC_WARN_UNUSED_FUNCTION = YES;
				GCC_WARN_UNUSED_VARIABLE = YES;
				MACOSX_DEPLOYMENT_TARGET = 12.3;
				MTL_ENABLE_DEBUG_INFO = INCLUDE_SOURCE;
				MTL_FAST_MATH = YES;
				ONLY_ACTIVE_ARCH = YES;
				SDKROOT = macosx;
				SWIFT_ACTIVE_COMPILATION_CONDITIONS = DEBUG;
				SWIFT_OPTIMIZATION_LEVEL = "-Onone";
			};
			name = Debug;
		};
		FB54D96C2907E73900481E9F /* Release */ = {
			isa = XCBuildConfiguration;
			buildSettings = {
				ALWAYS_SEARCH_USER_PATHS = NO;
				CLANG_ANALYZER_NONNULL = YES;
				CLANG_ANALYZER_NUMBER_OBJECT_CONVERSION = YES_AGGRESSIVE;
				CLANG_CXX_LANGUAGE_STANDARD = "gnu++20";
				CLANG_ENABLE_MODULES = YES;
				CLANG_ENABLE_OBJC_ARC = YES;
				CLANG_ENABLE_OBJC_WEAK = YES;
				CLANG_WARN_BLOCK_CAPTURE_AUTORELEASING = YES;
				CLANG_WARN_BOOL_CONVERSION = YES;
				CLANG_WARN_COMMA = YES;
				CLANG_WARN_CONSTANT_CONVERSION = YES;
				CLANG_WARN_DEPRECATED_OBJC_IMPLEMENTATIONS = YES;
				CLANG_WARN_DIRECT_OBJC_ISA_USAGE = YES_ERROR;
				CLANG_WARN_DOCUMENTATION_COMMENTS = YES;
				CLANG_WARN_EMPTY_BODY = YES;
				CLANG_WARN_ENUM_CONVERSION = YES;
				CLANG_WARN_INFINITE_RECURSION = YES;
				CLANG_WARN_INT_CONVERSION = YES;
				CLANG_WARN_NON_LITERAL_NULL_CONVERSION = YES;
				CLANG_WARN_OBJC_IMPLICIT_RETAIN_SELF = YES;
				CLANG_WARN_OBJC_LITERAL_CONVERSION = YES;
				CLANG_WARN_OBJC_ROOT_CLASS = YES_ERROR;
				CLANG_WARN_QUOTED_INCLUDE_IN_FRAMEWORK_HEADER = YES;
				CLANG_WARN_RANGE_LOOP_ANALYSIS = YES;
				CLANG_WARN_STRICT_PROTOTYPES = YES;
				CLANG_WARN_SUSPICIOUS_MOVE = YES;
				CLANG_WARN_UNGUARDED_AVAILABILITY = YES_AGGRESSIVE;
				CLANG_WARN_UNREACHABLE_CODE = YES;
				CLANG_WARN__DUPLICATE_METHOD_MATCH = YES;
				COPY_PHASE_STRIP = NO;
				DEBUG_INFORMATION_FORMAT = "dwarf-with-dsym";
				ENABLE_NS_ASSERTIONS = NO;
				ENABLE_STRICT_OBJC_MSGSEND = YES;
				GCC_C_LANGUAGE_STANDARD = gnu11;
				GCC_NO_COMMON_BLOCKS = YES;
				GCC_WARN_64_TO_32_BIT_CONVERSION = YES;
				GCC_WARN_ABOUT_RETURN_TYPE = YES_ERROR;
				GCC_WARN_UNDECLARED_SELECTOR = YES;
				GCC_WARN_UNINITIALIZED_AUTOS = YES_AGGRESSIVE;
				GCC_WARN_UNUSED_FUNCTION = YES;
				GCC_WARN_UNUSED_VARIABLE = YES;
				MACOSX_DEPLOYMENT_TARGET = 12.3;
				MTL_ENABLE_DEBUG_INFO = NO;
				MTL_FAST_MATH = YES;
				SDKROOT = macosx;
				SWIFT_COMPILATION_MODE = wholemodule;
				SWIFT_OPTIMIZATION_LEVEL = "-O";
			};
			name = Release;
		};
		FB54D96E2907E73900481E9F /* Debug */ = {
			isa = XCBuildConfiguration;
			buildSettings = {
				ASSETCATALOG_COMPILER_APPICON_NAME = AppIcon;
				ASSETCATALOG_COMPILER_GLOBAL_ACCENT_COLOR_NAME = AccentColor;
				CODE_SIGN_ENTITLEMENTS = KeySender/KeySender.entitlements;
				CODE_SIGN_STYLE = Automatic;
				COMBINE_HIDPI_IMAGES = YES;
				CURRENT_PROJECT_VERSION = 1;
				DEVELOPMENT_ASSET_PATHS = "\"KeySender/Preview Content\"";
				DEVELOPMENT_TEAM = J5U27YCZ39;
				ENABLE_HARDENED_RUNTIME = YES;
				ENABLE_PREVIEWS = YES;
				GENERATE_INFOPLIST_FILE = YES;
				INFOPLIST_KEY_NSHumanReadableCopyright = "";
				LD_RUNPATH_SEARCH_PATHS = (
					"$(inherited)",
					"@executable_path/../Frameworks",
				);
				MARKETING_VERSION = 1.0;
				PRODUCT_BUNDLE_IDENTIFIER = hu.martinfejes.KeySender;
				PRODUCT_NAME = "$(TARGET_NAME)";
				SWIFT_EMIT_LOC_STRINGS = YES;
				SWIFT_VERSION = 5.0;
			};
			name = Debug;
		};
		FB54D96F2907E73900481E9F /* Release */ = {
			isa = XCBuildConfiguration;
			buildSettings = {
				ASSETCATALOG_COMPILER_APPICON_NAME = AppIcon;
				ASSETCATALOG_COMPILER_GLOBAL_ACCENT_COLOR_NAME = AccentColor;
				CODE_SIGN_ENTITLEMENTS = KeySender/KeySender.entitlements;
				CODE_SIGN_STYLE = Automatic;
				COMBINE_HIDPI_IMAGES = YES;
				CURRENT_PROJECT_VERSION = 1;
				DEVELOPMENT_ASSET_PATHS = "\"KeySender/Preview Content\"";
				DEVELOPMENT_TEAM = J5U27YCZ39;
				ENABLE_HARDENED_RUNTIME = YES;
				ENABLE_PREVIEWS = YES;
				GENERATE_INFOPLIST_FILE = YES;
				INFOPLIST_KEY_NSHumanReadableCopyright = "";
				LD_RUNPATH_SEARCH_PATHS = (
					"$(inherited)",
					"@executable_path/../Frameworks",
				);
				MARKETING_VERSION = 1.0;
				PRODUCT_BUNDLE_IDENTIFIER = hu.martinfejes.KeySender;
				PRODUCT_NAME = "$(TARGET_NAME)";
				SWIFT_EMIT_LOC_STRINGS = YES;
				SWIFT_VERSION = 5.0;
			};
			name = Release;
		};
		FB54D9712907E73900481E9F /* Debug */ = {
			isa = XCBuildConfiguration;
			buildSettings = {
				ALWAYS_EMBED_SWIFT_STANDARD_LIBRARIES = YES;
				BUNDLE_LOADER = "$(TEST_HOST)";
				CODE_SIGN_STYLE = Automatic;
				CURRENT_PROJECT_VERSION = 1;
				DEVELOPMENT_TEAM = J5U27YCZ39;
				GENERATE_INFOPLIST_FILE = YES;
				MACOSX_DEPLOYMENT_TARGET = 12.3;
				MARKETING_VERSION = 1.0;
				PRODUCT_BUNDLE_IDENTIFIER = hu.martinfejes.KeySenderTests;
				PRODUCT_NAME = "$(TARGET_NAME)";
				SWIFT_EMIT_LOC_STRINGS = NO;
				SWIFT_VERSION = 5.0;
				TEST_HOST = "$(BUILT_PRODUCTS_DIR)/KeySender.app/$(BUNDLE_EXECUTABLE_FOLDER_PATH)/KeySender";
			};
			name = Debug;
		};
		FB54D9722907E73900481E9F /* Release */ = {
			isa = XCBuildConfiguration;
			buildSettings = {
				ALWAYS_EMBED_SWIFT_STANDARD_LIBRARIES = YES;
				BUNDLE_LOADER = "$(TEST_HOST)";
				CODE_SIGN_STYLE = Automatic;
				CURRENT_PROJECT_VERSION = 1;
				DEVELOPMENT_TEAM = J5U27YCZ39;
				GENERATE_INFOPLIST_FILE = YES;
				MACOSX_DEPLOYMENT_TARGET = 12.3;
				MARKETING_VERSION = 1.0;
				PRODUCT_BUNDLE_IDENTIFIER = hu.martinfejes.KeySenderTests;
				PRODUCT_NAME = "$(TARGET_NAME)";
				SWIFT_EMIT_LOC_STRINGS = NO;
				SWIFT_VERSION = 5.0;
				TEST_HOST = "$(BUILT_PRODUCTS_DIR)/KeySender.app/$(BUNDLE_EXECUTABLE_FOLDER_PATH)/KeySender";
			};
			name = Release;
		};
		FB54D9742907E73900481E9F /* Debug */ = {
			isa = XCBuildConfiguration;
			buildSettings = {
				ALWAYS_EMBED_SWIFT_STANDARD_LIBRARIES = YES;
				CODE_SIGN_STYLE = Automatic;
				CURRENT_PROJECT_VERSION = 1;
				DEVELOPMENT_TEAM = J5U27YCZ39;
				GENERATE_INFOPLIST_FILE = YES;
				MARKETING_VERSION = 1.0;
				PRODUCT_BUNDLE_IDENTIFIER = hu.martinfejes.KeySenderUITests;
				PRODUCT_NAME = "$(TARGET_NAME)";
				SWIFT_EMIT_LOC_STRINGS = NO;
				SWIFT_VERSION = 5.0;
				TEST_TARGET_NAME = KeySender;
			};
			name = Debug;
		};
		FB54D9752907E73900481E9F /* Release */ = {
			isa = XCBuildConfiguration;
			buildSettings = {
				ALWAYS_EMBED_SWIFT_STANDARD_LIBRARIES = YES;
				CODE_SIGN_STYLE = Automatic;
				CURRENT_PROJECT_VERSION = 1;
				DEVELOPMENT_TEAM = J5U27YCZ39;
				GENERATE_INFOPLIST_FILE = YES;
				MARKETING_VERSION = 1.0;
				PRODUCT_BUNDLE_IDENTIFIER = hu.martinfejes.KeySenderUITests;
				PRODUCT_NAME = "$(TARGET_NAME)";
				SWIFT_EMIT_LOC_STRINGS = NO;
				SWIFT_VERSION = 5.0;
				TEST_TARGET_NAME = KeySender;
			};
			name = Release;
		};
/* End XCBuildConfiguration section */

/* Begin XCConfigurationList section */
		FB54D9432907E73700481E9F /* Build configuration list for PBXProject "KeySender" */ = {
			isa = XCConfigurationList;
			buildConfigurations = (
				FB54D96B2907E73900481E9F /* Debug */,
				FB54D96C2907E73900481E9F /* Release */,
			);
			defaultConfigurationIsVisible = 0;
			defaultConfigurationName = Release;
		};
		FB54D96D2907E73900481E9F /* Build configuration list for PBXNativeTarget "KeySender" */ = {
			isa = XCConfigurationList;
			buildConfigurations = (
				FB54D96E2907E73900481E9F /* Debug */,
				FB54D96F2907E73900481E9F /* Release */,
			);
			defaultConfigurationIsVisible = 0;
			defaultConfigurationName = Release;
		};
		FB54D9702907E73900481E9F /* Build configuration list for PBXNativeTarget "KeySenderTests" */ = {
			isa = XCConfigurationList;
			buildConfigurations = (
				FB54D9712907E73900481E9F /* Debug */,
				FB54D9722907E73900481E9F /* Release */,
			);
			defaultConfigurationIsVisible = 0;
			defaultConfigurationName = Release;
		};
		FB54D9732907E73900481E9F /* Build configuration list for PBXNativeTarget "KeySenderUITests" */ = {
			isa = XCConfigurationList;
			buildConfigurations = (
				FB54D9742907E73900481E9F /* Debug */,
				FB54D9752907E73900481E9F /* Release */,
			);
			defaultConfigurationIsVisible = 0;
			defaultConfigurationName = Release;
		};
/* End XCConfigurationList section */
	};
	rootObject = FB54D9402907E73700481E9F /* Project object */;
}
